
Microsoft Visual Studio Solution File, Format Version 12.00
# Visual Studio Version 17
VisualStudioVersion = 17.14.37216.2 d17.14
MinimumVisualStudioVersion = 10.0.40219.1
Project("{8BC9CEB8-8B4A-11D0-8D11-00A0C91BC942}") = "YEs", "YEs\YEs.vcxproj", "{FAEE7D81-C465-46BE-A315-B55494E14B10}"
EndProject
Global
	GlobalSection(SolutionConfigurationPlatforms) = preSolution
		Debug|x64 = Debug|x64
		Debug|x86 = Debug|x86
		Release|x64 = Release|x64
		Release|x86 = Release|x86
	EndGlobalSection
	GlobalSection(ProjectConfigurationPlatforms) = postSolution
		{FAEE7D81-C465-46BE-A315-B55494E14B10}.Debug|x64.ActiveCfg = Debug|x64
		{FAEE7D81-C465-46BE-A315-B55494E14B10}.Debug|x64.Build.0 = Debug|x64
		{FAEE7D81-C465-46BE-A315-B55494E14B10}.Debug|x86.ActiveCfg = Debug|Win32
		{FAEE7D81-C465-46BE-A315-B55494E14B10}.Debug|x86.Build.0 = Debug|Win32
		{FAEE7D81-C465-46BE-A315-B55494E14B10}.Release|x64.ActiveCfg = Release|x64
		{FAEE7D81-C465-46BE-A315-B55494E14B10}.Release|x64.Build.0 = Release|x64
		{FAEE7D81-C465-46BE-A315-B55494E14B10}.Release|x86.ActiveCfg = Release|Win32
		{FAEE7D81-C465-46BE-A315-B55494E14B10}.Release|x86.Build.0 = Release|Win32
	EndGlobalSection
	GlobalSection(SolutionProperties) = preSolution
		HideSolutionNode = FALSE
	EndGlobalSection
	GlobalSection(ExtensibilityGlobals) = postSolution
		SolutionGuid = {CB85EE18-CAD0-4299-83DC-4247FCF838FC}
	EndGlobalSection
EndGlobal
